// !$*UTF8*$!
{
	archiveVersion = 1;
	classes = {
	};
	objectVersion = 48;
	objects = {

/* Begin PBXBuildFile section */
		4A42648A206A0FDE00CC781A /* AppDelegate.m in Sources */ = {isa = PBXBuildFile; fileRef = 4A426489206A0FDE00CC781A /* AppDelegate.m */; };
		4A42648D206A0FDE00CC781A /* ViewController.m in Sources */ = {isa = PBXBuildFile; fileRef = 4A42648C206A0FDE00CC781A /* ViewController.m */; };
		4A426490206A0FDE00CC781A /* Main.storyboard in Resources */ = {isa = PBXBuildFile; fileRef = 4A42648E206A0FDE00CC781A /* Main.storyboard */; };
		4A426492206A0FDE00CC781A /* Assets.xcassets in Resources */ = {isa = PBXBuildFile; fileRef = 4A426491206A0FDE00CC781A /* Assets.xcassets */; };
		4A426495206A0FDE00CC781A /* LaunchScreen.storyboard in Resources */ = {isa = PBXBuildFile; fileRef = 4A426493206A0FDE00CC781A /* LaunchScreen.storyboard */; };
		4A426498206A0FDE00CC781A /* main.m in Sources */ = {isa = PBXBuildFile; fileRef = 4A426497206A0FDE00CC781A /* main.m */; };
		4A4264A0206A0FF000CC781A /* Element.m in Sources */ = {isa = PBXBuildFile; fileRef = 4A42649F206A0FF000CC781A /* Element.m */; };
		4A4264A5206A111600CC781A /* ElementA.m in Sources */ = {isa = PBXBuildFile; fileRef = 4A4264A4206A111600CC781A /* ElementA.m */; };
		4A4264A8206A116E00CC781A /* ElementB.m in Sources */ = {isa = PBXBuildFile; fileRef = 4A4264A7206A116E00CC781A /* ElementB.m */; };
		4A4264AB206A119800CC781A /* VisitorA.m in Sources */ = {isa = PBXBuildFile; fileRef = 4A4264AA206A119800CC781A /* VisitorA.m */; };
		4A4264B1206A121300CC781A /* VisitorB.m in Sources */ = {isa = PBXBuildFile; fileRef = 4A4264B0206A121300CC781A /* VisitorB.m */; };
/* End PBXBuildFile section */

/* Begin PBXFileReference section */
		4A426485206A0FDE00CC781A /* Visitor.app */ = {isa = PBXFileReference; explicitFileType = wrapper.application; includeInIndex = 0; path = Visitor.app; sourceTree = BUILT_PRODUCTS_DIR; };
		4A426488206A0FDE00CC781A /* AppDelegate.h */ = {isa = PBXFileReference; lastKnownFileType = sourcecode.c.h; path = AppDelegate.h; sourceTree = "<group>"; };
		4A426489206A0FDE00CC781A /* AppDelegate.m */ = {isa = PBXFileReference; lastKnownFileType = sourcecode.c.objc; path = AppDelegate.m; sourceTree = "<group>"; };
		4A42648B206A0FDE00CC781A /* ViewController.h */ = {isa = PBXFileReference; lastKnownFileType = sourcecode.c.h; path = ViewController.h; sourceTree = "<group>"; };
		4A42648C206A0FDE00CC781A /* ViewController.m */ = {isa = PBXFileReference; lastKnownFileType = sourcecode.c.objc; path = ViewController.m; sourceTree = "<group>"; };
		4A42648F206A0FDE00CC781A /* Base */ = {isa = PBXFileReference; lastKnownFileType = file.storyboard; name = Base; path = Base.lproj/Main.storyboard; sourceTree = "<group>"; };
		4A426491206A0FDE00CC781A /* Assets.xcassets */ = {isa = PBXFileReference; lastKnownFileType = folder.assetcatalog; path = Assets.xcassets; sourceTree = "<group>"; };
		4A426494206A0FDE00CC781A /* Base */ = {isa = PBXFileReference; lastKnownFileType = file.storyboard; name = Base; path = Base.lproj/LaunchScreen.storyboard; sourceTree = "<group>"; };
		4A426496206A0FDE00CC781A /* Info.plist */ = {isa = PBXFileReference; lastKnownFileType = text.plist.xml; path = Info.plist; sourceTree = "<group>"; };
		4A426497206A0FDE00CC781A /* main.m */ = {isa = PBXFileReference; lastKnownFileType = sourcecode.c.objc; path = main.m; sourceTree = "<group>"; };
		4A42649E206A0FF000CC781A /* Element.h */ = {isa = PBXFileReference; lastKnownFileType = sourcecode.c.h; path = Element.h; sourceTree = "<group>"; };
		4A42649F206A0FF000CC781A /* Element.m */ = {isa = PBXFileReference; lastKnownFileType = sourcecode.c.objc; path = Element.m; sourceTree = "<group>"; };
		4A4264A2206A108300CC781A /* VisitorElement.h */ = {isa = PBXFileReference; lastKnownFileType = sourcecode.c.h; path = VisitorElement.h; sourceTree = "<group>"; };
		4A4264A3206A111600CC781A /* ElementA.h */ = {isa = PBXFileReference; lastKnownFileType = sourcecode.c.h; path = ElementA.h; sourceTree = "<group>"; };
		4A4264A4206A111600CC781A /* ElementA.m */ = {isa = PBXFileReference; lastKnownFileType = sourcecode.c.objc; path = ElementA.m; sourceTree = "<group>"; };
		4A4264A6206A116E00CC781A /* ElementB.h */ = {isa = PBXFileReference; lastKnownFileType = sourcecode.c.h; path = ElementB.h; sourceTree = "<group>"; };
		4A4264A7206A116E00CC781A /* ElementB.m */ = {isa = PBXFileReference; lastKnownFileType = sourcecode.c.objc; path = ElementB.m; sourceTree = "<group>"; };
		4A4264A9206A119800CC781A /* VisitorA.h */ = {isa = PBXFileReference; lastKnownFileType = sourcecode.c.h; path = VisitorA.h; sourceTree = "<group>"; };
		4A4264AA206A119800CC781A /* VisitorA.m */ = {isa = PBXFileReference; lastKnownFileType = sourcecode.c.objc; path = VisitorA.m; sourceTree = "<group>"; };
		4A4264AF206A121300CC781A /* VisitorB.h */ = {isa = PBXFileReference; lastKnownFileType = sourcecode.c.h; path = VisitorB.h; sourceTree = "<group>"; };
		4A4264B0206A121300CC781A /* VisitorB.m */ = {isa = PBXFileReference; lastKnownFileType = sourcecode.c.objc; path = VisitorB.m; sourceTree = "<group>"; };
/* End PBXFileReference section */

/* Begin PBXFrameworksBuildPhase section */
		4A426482206A0FDE00CC781A /* Frameworks */ = {
			isa = PBXFrameworksBuildPhase;
			buildActionMask = 2147483647;
			files = (
			);
			runOnlyForDeploymentPostprocessing = 0;
		};
/* End PBXFrameworksBuildPhase section */

/* Begin PBXGroup section */
		4A42647C206A0FDE00CC781A = {
			isa = PBXGroup;
			children = (
				4A426487206A0FDE00CC781A /* Visitor */,
				4A426486206A0FDE00CC781A /* Products */,
			);
			sourceTree = "<group>";
		};
		4A426486206A0FDE00CC781A /* Products */ = {
			isa = PBXGroup;
			children = (
				4A426485206A0FDE00CC781A /* Visitor.app */,
			);
			name = Products;
			sourceTree = "<group>";
		};
		4A426487206A0FDE00CC781A /* Visitor */ = {
			isa = PBXGroup;
			children = (
				4A426488206A0FDE00CC781A /* AppDelegate.h */,
				4A426489206A0FDE00CC781A /* AppDelegate.m */,
				4A42648B206A0FDE00CC781A /* ViewController.h */,
				4A42648C206A0FDE00CC781A /* ViewController.m */,
				4A4264A2206A108300CC781A /* VisitorElement.h */,
				4A42649E206A0FF000CC781A /* Element.h */,
				4A42649F206A0FF000CC781A /* Element.m */,
				4A4264A3206A111600CC781A /* ElementA.h */,
				4A4264A4206A111600CC781A /* ElementA.m */,
				4A4264A6206A116E00CC781A /* ElementB.h */,
				4A4264A7206A116E00CC781A /* ElementB.m */,
				4A4264A9206A119800CC781A /* VisitorA.h */,
				4A4264AA206A119800CC781A /* VisitorA.m */,
				4A4264AF206A121300CC781A /* VisitorB.h */,
				4A4264B0206A121300CC781A /* VisitorB.m */,
				4A42648E206A0FDE00CC781A /* Main.storyboard */,
				4A426491206A0FDE00CC781A /* Assets.xcassets */,
				4A426493206A0FDE00CC781A /* LaunchScreen.storyboard */,
				4A426496206A0FDE00CC781A /* Info.plist */,
				4A426497206A0FDE00CC781A /* main.m */,
			);
			path = Visitor;
			sourceTree = "<group>";
		};
/* End PBXGroup section */

/* Begin PBXNativeTarget section */
		4A426484206A0FDE00CC781A /* Visitor */ = {
			isa = PBXNativeTarget;
			buildConfigurationList = 4A42649B206A0FDE00CC781A /* Build configuration list for PBXNativeTarget "Visitor" */;
			buildPhases = (
				4A426481206A0FDE00CC781A /* Sources */,
				4A426482206A0FDE00CC781A /* Frameworks */,
				4A426483206A0FDE00CC781A /* Resources */,
			);
			buildRules = (
			);
			dependencies = (
			);
			name = Visitor;
			productName = Visitor;
			productReference = 4A426485206A0FDE00CC781A /* Visitor.app */;
			productType = "com.apple.product-type.application";
		};
/* End PBXNativeTarget section */

/* Begin PBXProject section */
		4A42647D206A0FDE00CC781A /* Project object */ = {
			isa = PBXProject;
			attributes = {
				LastUpgradeCheck = 0910;
				ORGANIZATIONNAME = "张冬冬";
				TargetAttributes = {
					4A426484206A0FDE00CC781A = {
						CreatedOnToolsVersion = 9.1;
						ProvisioningStyle = Automatic;
					};
				};
			};
			buildConfigurationList = 4A426480206A0FDE00CC781A /* Build configuration list for PBXProject "Visitor" */;
			compatibilityVersion = "Xcode 8.0";
			developmentRegion = en;
			hasScannedForEncodings = 0;
			knownRegions = (
				en,
				Base,
			);
			mainGroup = 4A42647C206A0FDE00CC781A;
			productRefGroup = 4A426486206A0FDE00CC781A /* Products */;
			projectDirPath = "";
			projectRoot = "";
			targets = (
				4A426484206A0FDE00CC781A /* Visitor */,
			);
		};
/* End PBXProject section */

/* Begin PBXResourcesBuildPhase section */
		4A426483206A0FDE00CC781A /* Resources */ = {
			isa = PBXResourcesBuildPhase;
			buildActionMask = 2147483647;
			files = (
				4A426495206A0FDE00CC781A /* LaunchScreen.storyboard in Resources */,
				4A426492206A0FDE00CC781A /* Assets.xcassets in Resources */,
				4A426490206A0FDE00CC781A /* Main.storyboard in Resources */,
			);
			runOnlyForDeploymentPostprocessing = 0;
		};
/* End PBXResourcesBuildPhase section */

/* Begin PBXSourcesBuildPhase section */
		4A426481206A0FDE00CC781A /* Sources */ = {
			isa = PBXSourcesBuildPhase;
			buildActionMask = 2147483647;
			files = (
				4A42648D206A0FDE00CC781A /* ViewController.m in Sources */,
				4A426498206A0FDE00CC781A /* main.m in Sources */,
				4A4264A5206A111600CC781A /* ElementA.m in Sources */,
				4A4264A0206A0FF000CC781A /* Element.m in Sources */,
				4A4264AB206A119800CC781A /* VisitorA.m in Sources */,
				4A42648A206A0FDE00CC781A /* AppDelegate.m in Sources */,
				4A4264A8206A116E00CC781A /* ElementB.m in Sources */,
				4A4264B1206A121300CC781A /* VisitorB.m in Sources */,
			);
			runOnlyForDeploymentPostprocessing = 0;
		};
/* End PBXSourcesBuildPhase section */

/* Begin PBXVariantGroup section */
		4A42648E206A0FDE00CC781A /* Main.storyboard */ = {
			isa = PBXVariantGroup;
			children = (
				4A42648F206A0FDE00CC781A /* Base */,
			);
			name = Main.storyboard;
			sourceTree = "<group>";
		};
		4A426493206A0FDE00CC781A /* LaunchScreen.storyboard */ = {
			isa = PBXVariantGroup;
			children = (
				4A426494206A0FDE00CC781A /* Base */,
			);
			name = LaunchScreen.storyboard;
			sourceTree = "<group>";
		};
/* End PBXVariantGroup section */

/* Begin XCBuildConfiguration section */
		4A426499206A0FDE00CC781A /* Debug */ = {
			isa = XCBuildConfiguration;
			buildSettings = {
				ALWAYS_SEARCH_USER_PATHS = NO;
				CLANG_ANALYZER_NONNULL = YES;
				CLANG_ANALYZER_NUMBER_OBJECT_CONVERSION = YES_AGGRESSIVE;
				CLANG_CXX_LANGUAGE_STANDARD = "gnu++14";
				CLANG_CXX_LIBRARY = "libc++";
				CLANG_ENABLE_MODULES = YES;
				CLANG_ENABLE_OBJC_ARC = YES;
				CLANG_WARN_BLOCK_CAPTURE_AUTORELEASING = YES;
				CLANG_WARN_BOOL_CONVERSION = YES;
				CLANG_WARN_COMMA = YES;
				CLANG_WARN_CONSTANT_CONVERSION = YES;
				CLANG_WARN_DIRECT_OBJC_ISA_USAGE = YES_ERROR;
				CLANG_WARN_DOCUMENTATION_COMMENTS = YES;
				CLANG_WARN_EMPTY_BODY = YES;
				CLANG_WARN_ENUM_CONVERSION = YES;
				CLANG_WARN_INFINITE_RECURSION = YES;
				CLANG_WARN_INT_CONVERSION = YES;
				CLANG_WARN_NON_LITERAL_NULL_CONVERSION = YES;
				CLANG_WARN_OBJC_LITERAL_CONVERSION = YES;
				CLANG_WARN_OBJC_ROOT_CLASS = YES_ERROR;
				CLANG_WARN_RANGE_LOOP_ANALYSIS = YES;
				CLANG_WARN_STRICT_PROTOTYPES = YES;
				CLANG_WARN_SUSPICIOUS_MOVE = YES;
				CLANG_WARN_UNGUARDED_AVAILABILITY = YES_AGGRESSIVE;
				CLANG_WARN_UNREACHABLE_CODE = YES;
				CLANG_WARN__DUPLICATE_METHOD_MATCH = YES;
				CODE_SIGN_IDENTITY = "iPhone Developer";
				COPY_PHASE_STRIP = NO;
				DEBUG_INFORMATION_FORMAT = dwarf;
				ENABLE_STRICT_OBJC_MSGSEND = YES;
				ENABLE_TESTABILITY = YES;
				GCC_C_LANGUAGE_STANDARD = gnu11;
				GCC_DYNAMIC_NO_PIC = NO;
				GCC_NO_COMMON_BLOCKS = YES;
				GCC_OPTIMIZATION_LEVEL = 0;
				GCC_PREPROCESSOR_DEFINITIONS = (
					"DEBUG=1",
					"$(inherited)",
				);
				GCC_WARN_64_TO_32_BIT_CONVERSION = YES;
				GCC_WARN_ABOUT_RETURN_TYPE = YES_ERROR;
				GCC_WARN_UNDECLARED_SELECTOR = YES;
				GCC_WARN_UNINITIALIZED_AUTOS = YES_AGGRESSIVE;
				GCC_WARN_UNUSED_FUNCTION = YES;
				GCC_WARN_UNUSED_VARIABLE = YES;
				IPHONEOS_DEPLOYMENT_TARGET = 11.1;
				MTL_ENABLE_DEBUG_INFO = YES;
				ONLY_ACTIVE_ARCH = YES;
				SDKROOT = iphoneos;
			};
			name = Debug;
		};
		4A42649A206A0FDE00CC781A /* Release */ = {
			isa = XCBuildConfiguration;
			buildSettings = {
				ALWAYS_SEARCH_USER_PATHS = NO;
				CLANG_ANALYZER_NONNULL = YES;
				CLANG_ANALYZER_NUMBER_OBJECT_CONVERSION = YES_AGGRESSIVE;
				CLANG_CXX_LANGUAGE_STANDARD = "gnu++14";
				CLANG_CXX_LIBRARY = "libc++";
				CLANG_ENABLE_MODULES = YES;
				CLANG_ENABLE_OBJC_ARC = YES;
				CLANG_WARN_BLOCK_CAPTURE_AUTORELEASING = YES;
				CLANG_WARN_BOOL_CONVERSION = YES;
				CLANG_WARN_COMMA = YES;
				CLANG_WARN_CONSTANT_CONVERSION = YES;
				CLANG_WARN_DIRECT_OBJC_ISA_USAGE = YES_ERROR;
				CLANG_WARN_DOCUMENTATION_COMMENTS = YES;
				CLANG_WARN_EMPTY_BODY = YES;
				CLANG_WARN_ENUM_CONVERSION = YES;
				CLANG_WARN_INFINITE_RECURSION = YES;
				CLANG_WARN_INT_CONVERSION = YES;
				CLANG_WARN_NON_LITERAL_NULL_CONVERSION = YES;
				CLANG_WARN_OBJC_LITERAL_CONVERSION = YES;
				CLANG_WARN_OBJC_ROOT_CLASS = YES_ERROR;
				CLANG_WARN_RANGE_LOOP_ANALYSIS = YES;
				CLANG_WARN_STRICT_PROTOTYPES = YES;
				CLANG_WARN_SUSPICIOUS_MOVE = YES;
				CLANG_WARN_UNGUARDED_AVAILABILITY = YES_AGGRESSIVE;
				CLANG_WARN_UNREACHABLE_CODE = YES;
				CLANG_WARN__DUPLICATE_METHOD_MATCH = YES;
				CODE_SIGN_IDENTITY = "iPhone Developer";
				COPY_PHASE_STRIP = NO;
				DEBUG_INFORMATION_FORMAT = "dwarf-with-dsym";
				ENABLE_NS_ASSERTIONS = NO;
				ENABLE_STRICT_OBJC_MSGSEND = YES;
				GCC_C_LANGUAGE_STANDARD = gnu11;
				GCC_NO_COMMON_BLOCKS = YES;
				GCC_WARN_64_TO_32_BIT_CONVERSION = YES;
				GCC_WARN_ABOUT_RETURN_TYPE = YES_ERROR;
				GCC_WARN_UNDECLARED_SELECTOR = YES;
				GCC_WARN_UNINITIALIZED_AUTOS = YES_AGGRESSIVE;
				GCC_WARN_UNUSED_FUNCTION = YES;
				GCC_WARN_UNUSED_VARIABLE = YES;
				IPHONEOS_DEPLOYMENT_TARGET = 11.1;
				MTL_ENABLE_DEBUG_INFO = NO;
				SDKROOT = iphoneos;
				VALIDATE_PRODUCT = YES;
			};
			name = Release;
		};
		4A42649C206A0FDE00CC781A /* Debug */ = {
			isa = XCBuildConfiguration;
			buildSettings = {
				ASSETCATALOG_COMPILER_APPICON_NAME = AppIcon;
				CODE_SIGN_STYLE = Automatic;
				DEVELOPMENT_TEAM = 5D33D27VC6;
				INFOPLIST_FILE = Visitor/Info.plist;
				LD_RUNPATH_SEARCH_PATHS = "$(inherited) @executable_path/Frameworks";
				PRODUCT_BUNDLE_IDENTIFIER = net.microfeel.Visitor;
				PRODUCT_NAME = "$(TARGET_NAME)";
				TARGETED_DEVICE_FAMILY = "1,2";
			};
			name = Debug;
		};
		4A42649D206A0FDE00CC781A /* Release */ = {
			isa = XCBuildConfiguration;
			buildSettings = {
				ASSETCATALOG_COMPILER_APPICON_NAME = AppIcon;
				CODE_SIGN_STYLE = Automatic;
				DEVELOPMENT_TEAM = 5D33D27VC6;
				INFOPLIST_FILE = Visitor/Info.plist;
				LD_RUNPATH_SEARCH_PATHS = "$(inherited) @executable_path/Frameworks";
				PRODUCT_BUNDLE_IDENTIFIER = net.microfeel.Visitor;
				PRODUCT_NAME = "$(TARGET_NAME)";
				TARGETED_DEVICE_FAMILY = "1,2";
			};
			name = Release;
		};
/* End XCBuildConfiguration section */

/* Begin XCConfigurationList section */
		4A426480206A0FDE00CC781A /* Build configuration list for PBXProject "Visitor" */ = {
			isa = XCConfigurationList;
			buildConfigurations = (
				4A426499206A0FDE00CC781A /* Debug */,
				4A42649A206A0FDE00CC781A /* Release */,
			);
			defaultConfigurationIsVisible = 0;
			defaultConfigurationName = Release;
		};
		4A42649B206A0FDE00CC781A /* Build configuration list for PBXNativeTarget "Visitor" */ = {
			isa = XCConfigurationList;
			buildConfigurations = (
				4A42649C206A0FDE00CC781A /* Debug */,
				4A42649D206A0FDE00CC781A /* Release */,
			);
			defaultConfigurationIsVisible = 0;
			defaultConfigurationName = Release;
		};
/* End XCConfigurationList section */
	};
	rootObject = 4A42647D206A0FDE00CC781A /* Project object */;
}
