// !$*UTF8*$!
{
	archiveVersion = 1;
	classes = {
	};
	objectVersion = 48;
	objects = {

/* Begin PBXBuildFile section */
		4A4264162068DBF500CC781A /* AppDelegate.m in Sources */ = {isa = PBXBuildFile; fileRef = 4A4264152068DBF500CC781A /* AppDelegate.m */; };
		4A4264192068DBF500CC781A /* ViewController.m in Sources */ = {isa = PBXBuildFile; fileRef = 4A4264182068DBF500CC781A /* ViewController.m */; };
		4A42641C2068DBF500CC781A /* Main.storyboard in Resources */ = {isa = PBXBuildFile; fileRef = 4A42641A2068DBF500CC781A /* Main.storyboard */; };
		4A42641E2068DBF500CC781A /* Assets.xcassets in Resources */ = {isa = PBXBuildFile; fileRef = 4A42641D2068DBF500CC781A /* Assets.xcassets */; };
		4A4264212068DBF500CC781A /* LaunchScreen.storyboard in Resources */ = {isa = PBXBuildFile; fileRef = 4A42641F2068DBF500CC781A /* LaunchScreen.storyboard */; };
		4A4264242068DBF500CC781A /* main.m in Sources */ = {isa = PBXBuildFile; fileRef = 4A4264232068DBF500CC781A /* main.m */; };
		4A42642C2068DC1C00CC781A /* Charger.m in Sources */ = {isa = PBXBuildFile; fileRef = 4A42642B2068DC1C00CC781A /* Charger.m */; };
		4A4264302068DC5800CC781A /* MicroUSBAdapter.m in Sources */ = {isa = PBXBuildFile; fileRef = 4A42642F2068DC5800CC781A /* MicroUSBAdapter.m */; };
/* End PBXBuildFile section */

/* Begin PBXFileReference section */
		4A4264112068DBF500CC781A /* Instance-Adapter.app */ = {isa = PBXFileReference; explicitFileType = wrapper.application; includeInIndex = 0; path = "Instance-Adapter.app"; sourceTree = BUILT_PRODUCTS_DIR; };
		4A4264142068DBF500CC781A /* AppDelegate.h */ = {isa = PBXFileReference; lastKnownFileType = sourcecode.c.h; path = AppDelegate.h; sourceTree = "<group>"; };
		4A4264152068DBF500CC781A /* AppDelegate.m */ = {isa = PBXFileReference; lastKnownFileType = sourcecode.c.objc; path = AppDelegate.m; sourceTree = "<group>"; };
		4A4264172068DBF500CC781A /* ViewController.h */ = {isa = PBXFileReference; lastKnownFileType = sourcecode.c.h; path = ViewController.h; sourceTree = "<group>"; };
		4A4264182068DBF500CC781A /* ViewController.m */ = {isa = PBXFileReference; lastKnownFileType = sourcecode.c.objc; path = ViewController.m; sourceTree = "<group>"; };
		4A42641B2068DBF500CC781A /* Base */ = {isa = PBXFileReference; lastKnownFileType = file.storyboard; name = Base; path = Base.lproj/Main.storyboard; sourceTree = "<group>"; };
		4A42641D2068DBF500CC781A /* Assets.xcassets */ = {isa = PBXFileReference; lastKnownFileType = folder.assetcatalog; path = Assets.xcassets; sourceTree = "<group>"; };
		4A4264202068DBF500CC781A /* Base */ = {isa = PBXFileReference; lastKnownFileType = file.storyboard; name = Base; path = Base.lproj/LaunchScreen.storyboard; sourceTree = "<group>"; };
		4A4264222068DBF500CC781A /* Info.plist */ = {isa = PBXFileReference; lastKnownFileType = text.plist.xml; path = Info.plist; sourceTree = "<group>"; };
		4A4264232068DBF500CC781A /* main.m */ = {isa = PBXFileReference; lastKnownFileType = sourcecode.c.objc; path = main.m; sourceTree = "<group>"; };
		4A42642A2068DC1C00CC781A /* Charger.h */ = {isa = PBXFileReference; lastKnownFileType = sourcecode.c.h; path = Charger.h; sourceTree = "<group>"; };
		4A42642B2068DC1C00CC781A /* Charger.m */ = {isa = PBXFileReference; lastKnownFileType = sourcecode.c.objc; path = Charger.m; sourceTree = "<group>"; };
		4A42642D2068DC4900CC781A /* MicroUSBAdapterProtocol.h */ = {isa = PBXFileReference; lastKnownFileType = sourcecode.c.h; path = MicroUSBAdapterProtocol.h; sourceTree = "<group>"; };
		4A42642E2068DC5800CC781A /* MicroUSBAdapter.h */ = {isa = PBXFileReference; lastKnownFileType = sourcecode.c.h; path = MicroUSBAdapter.h; sourceTree = "<group>"; };
		4A42642F2068DC5800CC781A /* MicroUSBAdapter.m */ = {isa = PBXFileReference; lastKnownFileType = sourcecode.c.objc; path = MicroUSBAdapter.m; sourceTree = "<group>"; };
/* End PBXFileReference section */

/* Begin PBXFrameworksBuildPhase section */
		4A42640E2068DBF500CC781A /* Frameworks */ = {
			isa = PBXFrameworksBuildPhase;
			buildActionMask = 2147483647;
			files = (
			);
			runOnlyForDeploymentPostprocessing = 0;
		};
/* End PBXFrameworksBuildPhase section */

/* Begin PBXGroup section */
		4A4264082068DBF500CC781A = {
			isa = PBXGroup;
			children = (
				4A4264132068DBF500CC781A /* Instance-Adapter */,
				4A4264122068DBF500CC781A /* Products */,
			);
			sourceTree = "<group>";
		};
		4A4264122068DBF500CC781A /* Products */ = {
			isa = PBXGroup;
			children = (
				4A4264112068DBF500CC781A /* Instance-Adapter.app */,
			);
			name = Products;
			sourceTree = "<group>";
		};
		4A4264132068DBF500CC781A /* Instance-Adapter */ = {
			isa = PBXGroup;
			children = (
				4A4264142068DBF500CC781A /* AppDelegate.h */,
				4A4264152068DBF500CC781A /* AppDelegate.m */,
				4A4264172068DBF500CC781A /* ViewController.h */,
				4A4264182068DBF500CC781A /* ViewController.m */,
				4A42642A2068DC1C00CC781A /* Charger.h */,
				4A42642B2068DC1C00CC781A /* Charger.m */,
				4A42642D2068DC4900CC781A /* MicroUSBAdapterProtocol.h */,
				4A42642E2068DC5800CC781A /* MicroUSBAdapter.h */,
				4A42642F2068DC5800CC781A /* MicroUSBAdapter.m */,
				4A42641A2068DBF500CC781A /* Main.storyboard */,
				4A42641D2068DBF500CC781A /* Assets.xcassets */,
				4A42641F2068DBF500CC781A /* LaunchScreen.storyboard */,
				4A4264222068DBF500CC781A /* Info.plist */,
				4A4264232068DBF500CC781A /* main.m */,
			);
			path = "Instance-Adapter";
			sourceTree = "<group>";
		};
/* End PBXGroup section */

/* Begin PBXNativeTarget section */
		4A4264102068DBF500CC781A /* Instance-Adapter */ = {
			isa = PBXNativeTarget;
			buildConfigurationList = 4A4264272068DBF500CC781A /* Build configuration list for PBXNativeTarget "Instance-Adapter" */;
			buildPhases = (
				4A42640D2068DBF500CC781A /* Sources */,
				4A42640E2068DBF500CC781A /* Frameworks */,
				4A42640F2068DBF500CC781A /* Resources */,
			);
			buildRules = (
			);
			dependencies = (
			);
			name = "Instance-Adapter";
			productName = "Instance-Adapter";
			productReference = 4A4264112068DBF500CC781A /* Instance-Adapter.app */;
			productType = "com.apple.product-type.application";
		};
/* End PBXNativeTarget section */

/* Begin PBXProject section */
		4A4264092068DBF500CC781A /* Project object */ = {
			isa = PBXProject;
			attributes = {
				LastUpgradeCheck = 0910;
				ORGANIZATIONNAME = "张冬冬";
				TargetAttributes = {
					4A4264102068DBF500CC781A = {
						CreatedOnToolsVersion = 9.1;
						ProvisioningStyle = Automatic;
					};
				};
			};
			buildConfigurationList = 4A42640C2068DBF500CC781A /* Build configuration list for PBXProject "Instance-Adapter" */;
			compatibilityVersion = "Xcode 8.0";
			developmentRegion = en;
			hasScannedForEncodings = 0;
			knownRegions = (
				en,
				Base,
			);
			mainGroup = 4A4264082068DBF500CC781A;
			productRefGroup = 4A4264122068DBF500CC781A /* Products */;
			projectDirPath = "";
			projectRoot = "";
			targets = (
				4A4264102068DBF500CC781A /* Instance-Adapter */,
			);
		};
/* End PBXProject section */

/* Begin PBXResourcesBuildPhase section */
		4A42640F2068DBF500CC781A /* Resources */ = {
			isa = PBXResourcesBuildPhase;
			buildActionMask = 2147483647;
			files = (
				4A4264212068DBF500CC781A /* LaunchScreen.storyboard in Resources */,
				4A42641E2068DBF500CC781A /* Assets.xcassets in Resources */,
				4A42641C2068DBF500CC781A /* Main.storyboard in Resources */,
			);
			runOnlyForDeploymentPostprocessing = 0;
		};
/* End PBXResourcesBuildPhase section */

/* Begin PBXSourcesBuildPhase section */
		4A42640D2068DBF500CC781A /* Sources */ = {
			isa = PBXSourcesBuildPhase;
			buildActionMask = 2147483647;
			files = (
				4A42642C2068DC1C00CC781A /* Charger.m in Sources */,
				4A4264192068DBF500CC781A /* ViewController.m in Sources */,
				4A4264242068DBF500CC781A /* main.m in Sources */,
				4A4264302068DC5800CC781A /* MicroUSBAdapter.m in Sources */,
				4A4264162068DBF500CC781A /* AppDelegate.m in Sources */,
			);
			runOnlyForDeploymentPostprocessing = 0;
		};
/* End PBXSourcesBuildPhase section */

/* Begin PBXVariantGroup section */
		4A42641A2068DBF500CC781A /* Main.storyboard */ = {
			isa = PBXVariantGroup;
			children = (
				4A42641B2068DBF500CC781A /* Base */,
			);
			name = Main.storyboard;
			sourceTree = "<group>";
		};
		4A42641F2068DBF500CC781A /* LaunchScreen.storyboard */ = {
			isa = PBXVariantGroup;
			children = (
				4A4264202068DBF500CC781A /* Base */,
			);
			name = LaunchScreen.storyboard;
			sourceTree = "<group>";
		};
/* End PBXVariantGroup section */

/* Begin XCBuildConfiguration section */
		4A4264252068DBF500CC781A /* Debug */ = {
			isa = XCBuildConfiguration;
			buildSettings = {
				ALWAYS_SEARCH_USER_PATHS = NO;
				CLANG_ANALYZER_NONNULL = YES;
				CLANG_ANALYZER_NUMBER_OBJECT_CONVERSION = YES_AGGRESSIVE;
				CLANG_CXX_LANGUAGE_STANDARD = "gnu++14";
				CLANG_CXX_LIBRARY = "libc++";
				CLANG_ENABLE_MODULES = YES;
				CLANG_ENABLE_OBJC_ARC = YES;
				CLANG_WARN_BLOCK_CAPTURE_AUTORELEASING = YES;
				CLANG_WARN_BOOL_CONVERSION = YES;
				CLANG_WARN_COMMA = YES;
				CLANG_WARN_CONSTANT_CONVERSION = YES;
				CLANG_WARN_DIRECT_OBJC_ISA_USAGE = YES_ERROR;
				CLANG_WARN_DOCUMENTATION_COMMENTS = YES;
				CLANG_WARN_EMPTY_BODY = YES;
				CLANG_WARN_ENUM_CONVERSION = YES;
				CLANG_WARN_INFINITE_RECURSION = YES;
				CLANG_WARN_INT_CONVERSION = YES;
				CLANG_WARN_NON_LITERAL_NULL_CONVERSION = YES;
				CLANG_WARN_OBJC_LITERAL_CONVERSION = YES;
				CLANG_WARN_OBJC_ROOT_CLASS = YES_ERROR;
				CLANG_WARN_RANGE_LOOP_ANALYSIS = YES;
				CLANG_WARN_STRICT_PROTOTYPES = YES;
				CLANG_WARN_SUSPICIOUS_MOVE = YES;
				CLANG_WARN_UNGUARDED_AVAILABILITY = YES_AGGRESSIVE;
				CLANG_WARN_UNREACHABLE_CODE = YES;
				CLANG_WARN__DUPLICATE_METHOD_MATCH = YES;
				CODE_SIGN_IDENTITY = "iPhone Developer";
				COPY_PHASE_STRIP = NO;
				DEBUG_INFORMATION_FORMAT = dwarf;
				ENABLE_STRICT_OBJC_MSGSEND = YES;
				ENABLE_TESTABILITY = YES;
				GCC_C_LANGUAGE_STANDARD = gnu11;
				GCC_DYNAMIC_NO_PIC = NO;
				GCC_NO_COMMON_BLOCKS = YES;
				GCC_OPTIMIZATION_LEVEL = 0;
				GCC_PREPROCESSOR_DEFINITIONS = (
					"DEBUG=1",
					"$(inherited)",
				);
				GCC_WARN_64_TO_32_BIT_CONVERSION = YES;
				GCC_WARN_ABOUT_RETURN_TYPE = YES_ERROR;
				GCC_WARN_UNDECLARED_SELECTOR = YES;
				GCC_WARN_UNINITIALIZED_AUTOS = YES_AGGRESSIVE;
				GCC_WARN_UNUSED_FUNCTION = YES;
				GCC_WARN_UNUSED_VARIABLE = YES;
				IPHONEOS_DEPLOYMENT_TARGET = 11.1;
				MTL_ENABLE_DEBUG_INFO = YES;
				ONLY_ACTIVE_ARCH = YES;
				SDKROOT = iphoneos;
			};
			name = Debug;
		};
		4A4264262068DBF500CC781A /* Release */ = {
			isa = XCBuildConfiguration;
			buildSettings = {
				ALWAYS_SEARCH_USER_PATHS = NO;
				CLANG_ANALYZER_NONNULL = YES;
				CLANG_ANALYZER_NUMBER_OBJECT_CONVERSION = YES_AGGRESSIVE;
				CLANG_CXX_LANGUAGE_STANDARD = "gnu++14";
				CLANG_CXX_LIBRARY = "libc++";
				CLANG_ENABLE_MODULES = YES;
				CLANG_ENABLE_OBJC_ARC = YES;
				CLANG_WARN_BLOCK_CAPTURE_AUTORELEASING = YES;
				CLANG_WARN_BOOL_CONVERSION = YES;
				CLANG_WARN_COMMA = YES;
				CLANG_WARN_CONSTANT_CONVERSION = YES;
				CLANG_WARN_DIRECT_OBJC_ISA_USAGE = YES_ERROR;
				CLANG_WARN_DOCUMENTATION_COMMENTS = YES;
				CLANG_WARN_EMPTY_BODY = YES;
				CLANG_WARN_ENUM_CONVERSION = YES;
				CLANG_WARN_INFINITE_RECURSION = YES;
				CLANG_WARN_INT_CONVERSION = YES;
				CLANG_WARN_NON_LITERAL_NULL_CONVERSION = YES;
				CLANG_WARN_OBJC_LITERAL_CONVERSION = YES;
				CLANG_WARN_OBJC_ROOT_CLASS = YES_ERROR;
				CLANG_WARN_RANGE_LOOP_ANALYSIS = YES;
				CLANG_WARN_STRICT_PROTOTYPES = YES;
				CLANG_WARN_SUSPICIOUS_MOVE = YES;
				CLANG_WARN_UNGUARDED_AVAILABILITY = YES_AGGRESSIVE;
				CLANG_WARN_UNREACHABLE_CODE = YES;
				CLANG_WARN__DUPLICATE_METHOD_MATCH = YES;
				CODE_SIGN_IDENTITY = "iPhone Developer";
				COPY_PHASE_STRIP = NO;
				DEBUG_INFORMATION_FORMAT = "dwarf-with-dsym";
				ENABLE_NS_ASSERTIONS = NO;
				ENABLE_STRICT_OBJC_MSGSEND = YES;
				GCC_C_LANGUAGE_STANDARD = gnu11;
				GCC_NO_COMMON_BLOCKS = YES;
				GCC_WARN_64_TO_32_BIT_CONVERSION = YES;
				GCC_WARN_ABOUT_RETURN_TYPE = YES_ERROR;
				GCC_WARN_UNDECLARED_SELECTOR = YES;
				GCC_WARN_UNINITIALIZED_AUTOS = YES_AGGRESSIVE;
				GCC_WARN_UNUSED_FUNCTION = YES;
				GCC_WARN_UNUSED_VARIABLE = YES;
				IPHONEOS_DEPLOYMENT_TARGET = 11.1;
				MTL_ENABLE_DEBUG_INFO = NO;
				SDKROOT = iphoneos;
				VALIDATE_PRODUCT = YES;
			};
			name = Release;
		};
		4A4264282068DBF500CC781A /* Debug */ = {
			isa = XCBuildConfiguration;
			buildSettings = {
				ASSETCATALOG_COMPILER_APPICON_NAME = AppIcon;
				CODE_SIGN_STYLE = Automatic;
				DEVELOPMENT_TEAM = 5D33D27VC6;
				INFOPLIST_FILE = "Instance-Adapter/Info.plist";
				LD_RUNPATH_SEARCH_PATHS = "$(inherited) @executable_path/Frameworks";
				PRODUCT_BUNDLE_IDENTIFIER = "net.microfeel.Instance-Adapter";
				PRODUCT_NAME = "$(TARGET_NAME)";
				TARGETED_DEVICE_FAMILY = "1,2";
			};
			name = Debug;
		};
		4A4264292068DBF500CC781A /* Release */ = {
			isa = XCBuildConfiguration;
			buildSettings = {
				ASSETCATALOG_COMPILER_APPICON_NAME = AppIcon;
				CODE_SIGN_STYLE = Automatic;
				DEVELOPMENT_TEAM = 5D33D27VC6;
				INFOPLIST_FILE = "Instance-Adapter/Info.plist";
				LD_RUNPATH_SEARCH_PATHS = "$(inherited) @executable_path/Frameworks";
				PRODUCT_BUNDLE_IDENTIFIER = "net.microfeel.Instance-Adapter";
				PRODUCT_NAME = "$(TARGET_NAME)";
				TARGETED_DEVICE_FAMILY = "1,2";
			};
			name = Release;
		};
/* End XCBuildConfiguration section */

/* Begin XCConfigurationList section */
		4A42640C2068DBF500CC781A /* Build configuration list for PBXProject "Instance-Adapter" */ = {
			isa = XCConfigurationList;
			buildConfigurations = (
				4A4264252068DBF500CC781A /* Debug */,
				4A4264262068DBF500CC781A /* Release */,
			);
			defaultConfigurationIsVisible = 0;
			defaultConfigurationName = Release;
		};
		4A4264272068DBF500CC781A /* Build configuration list for PBXNativeTarget "Instance-Adapter" */ = {
			isa = XCConfigurationList;
			buildConfigurations = (
				4A4264282068DBF500CC781A /* Debug */,
				4A4264292068DBF500CC781A /* Release */,
			);
			defaultConfigurationIsVisible = 0;
			defaultConfigurationName = Release;
		};
/* End XCConfigurationList section */
	};
	rootObject = 4A4264092068DBF500CC781A /* Project object */;
}
