// !$*UTF8*$!
{
	archiveVersion = 1;
	classes = {
	};
	objectVersion = 48;
	objects = {

/* Begin PBXBuildFile section */
		5E4FB90D205CCF3E003D0DC0 /* AppDelegate.m in Sources */ = {isa = PBXBuildFile; fileRef = 5E4FB90C205CCF3E003D0DC0 /* AppDelegate.m */; };
		5E4FB910205CCF3E003D0DC0 /* ViewController.m in Sources */ = {isa = PBXBuildFile; fileRef = 5E4FB90F205CCF3E003D0DC0 /* ViewController.m */; };
		5E4FB913205CCF3E003D0DC0 /* Main.storyboard in Resources */ = {isa = PBXBuildFile; fileRef = 5E4FB911205CCF3E003D0DC0 /* Main.storyboard */; };
		5E4FB915205CCF3E003D0DC0 /* Assets.xcassets in Resources */ = {isa = PBXBuildFile; fileRef = 5E4FB914205CCF3E003D0DC0 /* Assets.xcassets */; };
		5E4FB918205CCF3E003D0DC0 /* LaunchScreen.storyboard in Resources */ = {isa = PBXBuildFile; fileRef = 5E4FB916205CCF3E003D0DC0 /* LaunchScreen.storyboard */; };
		5E4FB91B205CCF3E003D0DC0 /* main.m in Sources */ = {isa = PBXBuildFile; fileRef = 5E4FB91A205CCF3E003D0DC0 /* main.m */; };
		5E4FB923205CCF4D003D0DC0 /* AbstructFactory.m in Sources */ = {isa = PBXBuildFile; fileRef = 5E4FB922205CCF4D003D0DC0 /* AbstructFactory.m */; };
		5E4FB929205CCF80003D0DC0 /* AbstructProductA.m in Sources */ = {isa = PBXBuildFile; fileRef = 5E4FB928205CCF80003D0DC0 /* AbstructProductA.m */; };
		5E4FB92C205CCF89003D0DC0 /* AbstructProductB.m in Sources */ = {isa = PBXBuildFile; fileRef = 5E4FB92B205CCF89003D0DC0 /* AbstructProductB.m */; };
		5E4FB92F205CD00E003D0DC0 /* ConcreteFactoryA.m in Sources */ = {isa = PBXBuildFile; fileRef = 5E4FB92E205CD00E003D0DC0 /* ConcreteFactoryA.m */; };
		5E4FB932205CD01C003D0DC0 /* ConcreteFactoryB.m in Sources */ = {isa = PBXBuildFile; fileRef = 5E4FB931205CD01C003D0DC0 /* ConcreteFactoryB.m */; };
		5E4FB935205CD046003D0DC0 /* ConcreteProductA.m in Sources */ = {isa = PBXBuildFile; fileRef = 5E4FB934205CD046003D0DC0 /* ConcreteProductA.m */; };
		5E4FB938205CD059003D0DC0 /* ConcreteProductB.m in Sources */ = {isa = PBXBuildFile; fileRef = 5E4FB937205CD059003D0DC0 /* ConcreteProductB.m */; };
		5E4FB93B205CD074003D0DC0 /* ConcreteProductB1.m in Sources */ = {isa = PBXBuildFile; fileRef = 5E4FB93A205CD074003D0DC0 /* ConcreteProductB1.m */; };
		5E4FB93E205CD080003D0DC0 /* ConcreteProductA1.m in Sources */ = {isa = PBXBuildFile; fileRef = 5E4FB93D205CD080003D0DC0 /* ConcreteProductA1.m */; };
/* End PBXBuildFile section */

/* Begin PBXFileReference section */
		5E4FB908205CCF3E003D0DC0 /* AbstructFactory.app */ = {isa = PBXFileReference; explicitFileType = wrapper.application; includeInIndex = 0; path = AbstructFactory.app; sourceTree = BUILT_PRODUCTS_DIR; };
		5E4FB90B205CCF3E003D0DC0 /* AppDelegate.h */ = {isa = PBXFileReference; lastKnownFileType = sourcecode.c.h; path = AppDelegate.h; sourceTree = "<group>"; };
		5E4FB90C205CCF3E003D0DC0 /* AppDelegate.m */ = {isa = PBXFileReference; lastKnownFileType = sourcecode.c.objc; path = AppDelegate.m; sourceTree = "<group>"; };
		5E4FB90E205CCF3E003D0DC0 /* ViewController.h */ = {isa = PBXFileReference; lastKnownFileType = sourcecode.c.h; path = ViewController.h; sourceTree = "<group>"; };
		5E4FB90F205CCF3E003D0DC0 /* ViewController.m */ = {isa = PBXFileReference; lastKnownFileType = sourcecode.c.objc; path = ViewController.m; sourceTree = "<group>"; };
		5E4FB912205CCF3E003D0DC0 /* Base */ = {isa = PBXFileReference; lastKnownFileType = file.storyboard; name = Base; path = Base.lproj/Main.storyboard; sourceTree = "<group>"; };
		5E4FB914205CCF3E003D0DC0 /* Assets.xcassets */ = {isa = PBXFileReference; lastKnownFileType = folder.assetcatalog; path = Assets.xcassets; sourceTree = "<group>"; };
		5E4FB917205CCF3E003D0DC0 /* Base */ = {isa = PBXFileReference; lastKnownFileType = file.storyboard; name = Base; path = Base.lproj/LaunchScreen.storyboard; sourceTree = "<group>"; };
		5E4FB919205CCF3E003D0DC0 /* Info.plist */ = {isa = PBXFileReference; lastKnownFileType = text.plist.xml; path = Info.plist; sourceTree = "<group>"; };
		5E4FB91A205CCF3E003D0DC0 /* main.m */ = {isa = PBXFileReference; lastKnownFileType = sourcecode.c.objc; path = main.m; sourceTree = "<group>"; };
		5E4FB921205CCF4D003D0DC0 /* AbstructFactory.h */ = {isa = PBXFileReference; lastKnownFileType = sourcecode.c.h; path = AbstructFactory.h; sourceTree = "<group>"; };
		5E4FB922205CCF4D003D0DC0 /* AbstructFactory.m */ = {isa = PBXFileReference; lastKnownFileType = sourcecode.c.objc; path = AbstructFactory.m; sourceTree = "<group>"; };
		5E4FB927205CCF80003D0DC0 /* AbstructProductA.h */ = {isa = PBXFileReference; lastKnownFileType = sourcecode.c.h; path = AbstructProductA.h; sourceTree = "<group>"; };
		5E4FB928205CCF80003D0DC0 /* AbstructProductA.m */ = {isa = PBXFileReference; lastKnownFileType = sourcecode.c.objc; path = AbstructProductA.m; sourceTree = "<group>"; };
		5E4FB92A205CCF89003D0DC0 /* AbstructProductB.h */ = {isa = PBXFileReference; lastKnownFileType = sourcecode.c.h; path = AbstructProductB.h; sourceTree = "<group>"; };
		5E4FB92B205CCF89003D0DC0 /* AbstructProductB.m */ = {isa = PBXFileReference; lastKnownFileType = sourcecode.c.objc; path = AbstructProductB.m; sourceTree = "<group>"; };
		5E4FB92D205CD00E003D0DC0 /* ConcreteFactoryA.h */ = {isa = PBXFileReference; lastKnownFileType = sourcecode.c.h; path = ConcreteFactoryA.h; sourceTree = "<group>"; };
		5E4FB92E205CD00E003D0DC0 /* ConcreteFactoryA.m */ = {isa = PBXFileReference; lastKnownFileType = sourcecode.c.objc; path = ConcreteFactoryA.m; sourceTree = "<group>"; };
		5E4FB930205CD01C003D0DC0 /* ConcreteFactoryB.h */ = {isa = PBXFileReference; lastKnownFileType = sourcecode.c.h; path = ConcreteFactoryB.h; sourceTree = "<group>"; };
		5E4FB931205CD01C003D0DC0 /* ConcreteFactoryB.m */ = {isa = PBXFileReference; lastKnownFileType = sourcecode.c.objc; path = ConcreteFactoryB.m; sourceTree = "<group>"; };
		5E4FB933205CD046003D0DC0 /* ConcreteProductA.h */ = {isa = PBXFileReference; lastKnownFileType = sourcecode.c.h; path = ConcreteProductA.h; sourceTree = "<group>"; };
		5E4FB934205CD046003D0DC0 /* ConcreteProductA.m */ = {isa = PBXFileReference; lastKnownFileType = sourcecode.c.objc; path = ConcreteProductA.m; sourceTree = "<group>"; };
		5E4FB936205CD059003D0DC0 /* ConcreteProductB.h */ = {isa = PBXFileReference; lastKnownFileType = sourcecode.c.h; path = ConcreteProductB.h; sourceTree = "<group>"; };
		5E4FB937205CD059003D0DC0 /* ConcreteProductB.m */ = {isa = PBXFileReference; lastKnownFileType = sourcecode.c.objc; path = ConcreteProductB.m; sourceTree = "<group>"; };
		5E4FB939205CD074003D0DC0 /* ConcreteProductB1.h */ = {isa = PBXFileReference; lastKnownFileType = sourcecode.c.h; path = ConcreteProductB1.h; sourceTree = "<group>"; };
		5E4FB93A205CD074003D0DC0 /* ConcreteProductB1.m */ = {isa = PBXFileReference; lastKnownFileType = sourcecode.c.objc; path = ConcreteProductB1.m; sourceTree = "<group>"; };
		5E4FB93C205CD080003D0DC0 /* ConcreteProductA1.h */ = {isa = PBXFileReference; lastKnownFileType = sourcecode.c.h; path = ConcreteProductA1.h; sourceTree = "<group>"; };
		5E4FB93D205CD080003D0DC0 /* ConcreteProductA1.m */ = {isa = PBXFileReference; lastKnownFileType = sourcecode.c.objc; path = ConcreteProductA1.m; sourceTree = "<group>"; };
/* End PBXFileReference section */

/* Begin PBXFrameworksBuildPhase section */
		5E4FB905205CCF3E003D0DC0 /* Frameworks */ = {
			isa = PBXFrameworksBuildPhase;
			buildActionMask = 2147483647;
			files = (
			);
			runOnlyForDeploymentPostprocessing = 0;
		};
/* End PBXFrameworksBuildPhase section */

/* Begin PBXGroup section */
		5E4FB8FF205CCF3E003D0DC0 = {
			isa = PBXGroup;
			children = (
				5E4FB90A205CCF3E003D0DC0 /* AbstructFactory */,
				5E4FB909205CCF3E003D0DC0 /* Products */,
			);
			sourceTree = "<group>";
		};
		5E4FB909205CCF3E003D0DC0 /* Products */ = {
			isa = PBXGroup;
			children = (
				5E4FB908205CCF3E003D0DC0 /* AbstructFactory.app */,
			);
			name = Products;
			sourceTree = "<group>";
		};
		5E4FB90A205CCF3E003D0DC0 /* AbstructFactory */ = {
			isa = PBXGroup;
			children = (
				5E4FB90B205CCF3E003D0DC0 /* AppDelegate.h */,
				5E4FB90C205CCF3E003D0DC0 /* AppDelegate.m */,
				5E4FB90E205CCF3E003D0DC0 /* ViewController.h */,
				5E4FB90F205CCF3E003D0DC0 /* ViewController.m */,
				5E4FB921205CCF4D003D0DC0 /* AbstructFactory.h */,
				5E4FB922205CCF4D003D0DC0 /* AbstructFactory.m */,
				5E4FB927205CCF80003D0DC0 /* AbstructProductA.h */,
				5E4FB928205CCF80003D0DC0 /* AbstructProductA.m */,
				5E4FB92A205CCF89003D0DC0 /* AbstructProductB.h */,
				5E4FB92B205CCF89003D0DC0 /* AbstructProductB.m */,
				5E4FB933205CD046003D0DC0 /* ConcreteProductA.h */,
				5E4FB934205CD046003D0DC0 /* ConcreteProductA.m */,
				5E4FB936205CD059003D0DC0 /* ConcreteProductB.h */,
				5E4FB937205CD059003D0DC0 /* ConcreteProductB.m */,
				5E4FB939205CD074003D0DC0 /* ConcreteProductB1.h */,
				5E4FB93A205CD074003D0DC0 /* ConcreteProductB1.m */,
				5E4FB93C205CD080003D0DC0 /* ConcreteProductA1.h */,
				5E4FB93D205CD080003D0DC0 /* ConcreteProductA1.m */,
				5E4FB92D205CD00E003D0DC0 /* ConcreteFactoryA.h */,
				5E4FB92E205CD00E003D0DC0 /* ConcreteFactoryA.m */,
				5E4FB930205CD01C003D0DC0 /* ConcreteFactoryB.h */,
				5E4FB931205CD01C003D0DC0 /* ConcreteFactoryB.m */,
				5E4FB911205CCF3E003D0DC0 /* Main.storyboard */,
				5E4FB914205CCF3E003D0DC0 /* Assets.xcassets */,
				5E4FB916205CCF3E003D0DC0 /* LaunchScreen.storyboard */,
				5E4FB919205CCF3E003D0DC0 /* Info.plist */,
				5E4FB91A205CCF3E003D0DC0 /* main.m */,
			);
			path = AbstructFactory;
			sourceTree = "<group>";
		};
/* End PBXGroup section */

/* Begin PBXNativeTarget section */
		5E4FB907205CCF3E003D0DC0 /* AbstructFactory */ = {
			isa = PBXNativeTarget;
			buildConfigurationList = 5E4FB91E205CCF3E003D0DC0 /* Build configuration list for PBXNativeTarget "AbstructFactory" */;
			buildPhases = (
				5E4FB904205CCF3E003D0DC0 /* Sources */,
				5E4FB905205CCF3E003D0DC0 /* Frameworks */,
				5E4FB906205CCF3E003D0DC0 /* Resources */,
			);
			buildRules = (
			);
			dependencies = (
			);
			name = AbstructFactory;
			productName = AbstructFactory;
			productReference = 5E4FB908205CCF3E003D0DC0 /* AbstructFactory.app */;
			productType = "com.apple.product-type.application";
		};
/* End PBXNativeTarget section */

/* Begin PBXProject section */
		5E4FB900205CCF3E003D0DC0 /* Project object */ = {
			isa = PBXProject;
			attributes = {
				LastUpgradeCheck = 0920;
				ORGANIZATIONNAME = GodzzZZZ;
				TargetAttributes = {
					5E4FB907205CCF3E003D0DC0 = {
						CreatedOnToolsVersion = 9.2;
						ProvisioningStyle = Automatic;
					};
				};
			};
			buildConfigurationList = 5E4FB903205CCF3E003D0DC0 /* Build configuration list for PBXProject "AbstructFactory" */;
			compatibilityVersion = "Xcode 8.0";
			developmentRegion = en;
			hasScannedForEncodings = 0;
			knownRegions = (
				en,
				Base,
			);
			mainGroup = 5E4FB8FF205CCF3E003D0DC0;
			productRefGroup = 5E4FB909205CCF3E003D0DC0 /* Products */;
			projectDirPath = "";
			projectRoot = "";
			targets = (
				5E4FB907205CCF3E003D0DC0 /* AbstructFactory */,
			);
		};
/* End PBXProject section */

/* Begin PBXResourcesBuildPhase section */
		5E4FB906205CCF3E003D0DC0 /* Resources */ = {
			isa = PBXResourcesBuildPhase;
			buildActionMask = 2147483647;
			files = (
				5E4FB918205CCF3E003D0DC0 /* LaunchScreen.storyboard in Resources */,
				5E4FB915205CCF3E003D0DC0 /* Assets.xcassets in Resources */,
				5E4FB913205CCF3E003D0DC0 /* Main.storyboard in Resources */,
			);
			runOnlyForDeploymentPostprocessing = 0;
		};
/* End PBXResourcesBuildPhase section */

/* Begin PBXSourcesBuildPhase section */
		5E4FB904205CCF3E003D0DC0 /* Sources */ = {
			isa = PBXSourcesBuildPhase;
			buildActionMask = 2147483647;
			files = (
				5E4FB923205CCF4D003D0DC0 /* AbstructFactory.m in Sources */,
				5E4FB92F205CD00E003D0DC0 /* ConcreteFactoryA.m in Sources */,
				5E4FB932205CD01C003D0DC0 /* ConcreteFactoryB.m in Sources */,
				5E4FB935205CD046003D0DC0 /* ConcreteProductA.m in Sources */,
				5E4FB93E205CD080003D0DC0 /* ConcreteProductA1.m in Sources */,
				5E4FB910205CCF3E003D0DC0 /* ViewController.m in Sources */,
				5E4FB938205CD059003D0DC0 /* ConcreteProductB.m in Sources */,
				5E4FB929205CCF80003D0DC0 /* AbstructProductA.m in Sources */,
				5E4FB93B205CD074003D0DC0 /* ConcreteProductB1.m in Sources */,
				5E4FB91B205CCF3E003D0DC0 /* main.m in Sources */,
				5E4FB92C205CCF89003D0DC0 /* AbstructProductB.m in Sources */,
				5E4FB90D205CCF3E003D0DC0 /* AppDelegate.m in Sources */,
			);
			runOnlyForDeploymentPostprocessing = 0;
		};
/* End PBXSourcesBuildPhase section */

/* Begin PBXVariantGroup section */
		5E4FB911205CCF3E003D0DC0 /* Main.storyboard */ = {
			isa = PBXVariantGroup;
			children = (
				5E4FB912205CCF3E003D0DC0 /* Base */,
			);
			name = Main.storyboard;
			sourceTree = "<group>";
		};
		5E4FB916205CCF3E003D0DC0 /* LaunchScreen.storyboard */ = {
			isa = PBXVariantGroup;
			children = (
				5E4FB917205CCF3E003D0DC0 /* Base */,
			);
			name = LaunchScreen.storyboard;
			sourceTree = "<group>";
		};
/* End PBXVariantGroup section */

/* Begin XCBuildConfiguration section */
		5E4FB91C205CCF3E003D0DC0 /* Debug */ = {
			isa = XCBuildConfiguration;
			buildSettings = {
				ALWAYS_SEARCH_USER_PATHS = NO;
				CLANG_ANALYZER_NONNULL = YES;
				CLANG_ANALYZER_NUMBER_OBJECT_CONVERSION = YES_AGGRESSIVE;
				CLANG_CXX_LANGUAGE_STANDARD = "gnu++14";
				CLANG_CXX_LIBRARY = "libc++";
				CLANG_ENABLE_MODULES = YES;
				CLANG_ENABLE_OBJC_ARC = YES;
				CLANG_WARN_BLOCK_CAPTURE_AUTORELEASING = YES;
				CLANG_WARN_BOOL_CONVERSION = YES;
				CLANG_WARN_COMMA = YES;
				CLANG_WARN_CONSTANT_CONVERSION = YES;
				CLANG_WARN_DIRECT_OBJC_ISA_USAGE = YES_ERROR;
				CLANG_WARN_DOCUMENTATION_COMMENTS = YES;
				CLANG_WARN_EMPTY_BODY = YES;
				CLANG_WARN_ENUM_CONVERSION = YES;
				CLANG_WARN_INFINITE_RECURSION = YES;
				CLANG_WARN_INT_CONVERSION = YES;
				CLANG_WARN_NON_LITERAL_NULL_CONVERSION = YES;
				CLANG_WARN_OBJC_LITERAL_CONVERSION = YES;
				CLANG_WARN_OBJC_ROOT_CLASS = YES_ERROR;
				CLANG_WARN_RANGE_LOOP_ANALYSIS = YES;
				CLANG_WARN_STRICT_PROTOTYPES = YES;
				CLANG_WARN_SUSPICIOUS_MOVE = YES;
				CLANG_WARN_UNGUARDED_AVAILABILITY = YES_AGGRESSIVE;
				CLANG_WARN_UNREACHABLE_CODE = YES;
				CLANG_WARN__DUPLICATE_METHOD_MATCH = YES;
				CODE_SIGN_IDENTITY = "iPhone Developer";
				COPY_PHASE_STRIP = NO;
				DEBUG_INFORMATION_FORMAT = dwarf;
				ENABLE_STRICT_OBJC_MSGSEND = YES;
				ENABLE_TESTABILITY = YES;
				GCC_C_LANGUAGE_STANDARD = gnu11;
				GCC_DYNAMIC_NO_PIC = NO;
				GCC_NO_COMMON_BLOCKS = YES;
				GCC_OPTIMIZATION_LEVEL = 0;
				GCC_PREPROCESSOR_DEFINITIONS = (
					"DEBUG=1",
					"$(inherited)",
				);
				GCC_WARN_64_TO_32_BIT_CONVERSION = YES;
				GCC_WARN_ABOUT_RETURN_TYPE = YES_ERROR;
				GCC_WARN_UNDECLARED_SELECTOR = YES;
				GCC_WARN_UNINITIALIZED_AUTOS = YES_AGGRESSIVE;
				GCC_WARN_UNUSED_FUNCTION = YES;
				GCC_WARN_UNUSED_VARIABLE = YES;
				IPHONEOS_DEPLOYMENT_TARGET = 11.2;
				MTL_ENABLE_DEBUG_INFO = YES;
				ONLY_ACTIVE_ARCH = YES;
				SDKROOT = iphoneos;
			};
			name = Debug;
		};
		5E4FB91D205CCF3E003D0DC0 /* Release */ = {
			isa = XCBuildConfiguration;
			buildSettings = {
				ALWAYS_SEARCH_USER_PATHS = NO;
				CLANG_ANALYZER_NONNULL = YES;
				CLANG_ANALYZER_NUMBER_OBJECT_CONVERSION = YES_AGGRESSIVE;
				CLANG_CXX_LANGUAGE_STANDARD = "gnu++14";
				CLANG_CXX_LIBRARY = "libc++";
				CLANG_ENABLE_MODULES = YES;
				CLANG_ENABLE_OBJC_ARC = YES;
				CLANG_WARN_BLOCK_CAPTURE_AUTORELEASING = YES;
				CLANG_WARN_BOOL_CONVERSION = YES;
				CLANG_WARN_COMMA = YES;
				CLANG_WARN_CONSTANT_CONVERSION = YES;
				CLANG_WARN_DIRECT_OBJC_ISA_USAGE = YES_ERROR;
				CLANG_WARN_DOCUMENTATION_COMMENTS = YES;
				CLANG_WARN_EMPTY_BODY = YES;
				CLANG_WARN_ENUM_CONVERSION = YES;
				CLANG_WARN_INFINITE_RECURSION = YES;
				CLANG_WARN_INT_CONVERSION = YES;
				CLANG_WARN_NON_LITERAL_NULL_CONVERSION = YES;
				CLANG_WARN_OBJC_LITERAL_CONVERSION = YES;
				CLANG_WARN_OBJC_ROOT_CLASS = YES_ERROR;
				CLANG_WARN_RANGE_LOOP_ANALYSIS = YES;
				CLANG_WARN_STRICT_PROTOTYPES = YES;
				CLANG_WARN_SUSPICIOUS_MOVE = YES;
				CLANG_WARN_UNGUARDED_AVAILABILITY = YES_AGGRESSIVE;
				CLANG_WARN_UNREACHABLE_CODE = YES;
				CLANG_WARN__DUPLICATE_METHOD_MATCH = YES;
				CODE_SIGN_IDENTITY = "iPhone Developer";
				COPY_PHASE_STRIP = NO;
				DEBUG_INFORMATION_FORMAT = "dwarf-with-dsym";
				ENABLE_NS_ASSERTIONS = NO;
				ENABLE_STRICT_OBJC_MSGSEND = YES;
				GCC_C_LANGUAGE_STANDARD = gnu11;
				GCC_NO_COMMON_BLOCKS = YES;
				GCC_WARN_64_TO_32_BIT_CONVERSION = YES;
				GCC_WARN_ABOUT_RETURN_TYPE = YES_ERROR;
				GCC_WARN_UNDECLARED_SELECTOR = YES;
				GCC_WARN_UNINITIALIZED_AUTOS = YES_AGGRESSIVE;
				GCC_WARN_UNUSED_FUNCTION = YES;
				GCC_WARN_UNUSED_VARIABLE = YES;
				IPHONEOS_DEPLOYMENT_TARGET = 11.2;
				MTL_ENABLE_DEBUG_INFO = NO;
				SDKROOT = iphoneos;
				VALIDATE_PRODUCT = YES;
			};
			name = Release;
		};
		5E4FB91F205CCF3E003D0DC0 /* Debug */ = {
			isa = XCBuildConfiguration;
			buildSettings = {
				ASSETCATALOG_COMPILER_APPICON_NAME = AppIcon;
				CODE_SIGN_STYLE = Automatic;
				DEVELOPMENT_TEAM = 5D33D27VC6;
				INFOPLIST_FILE = AbstructFactory/Info.plist;
				LD_RUNPATH_SEARCH_PATHS = "$(inherited) @executable_path/Frameworks";
				PRODUCT_BUNDLE_IDENTIFIER = net.microfeel.AbstructFactory;
				PRODUCT_NAME = "$(TARGET_NAME)";
				TARGETED_DEVICE_FAMILY = "1,2";
			};
			name = Debug;
		};
		5E4FB920205CCF3E003D0DC0 /* Release */ = {
			isa = XCBuildConfiguration;
			buildSettings = {
				ASSETCATALOG_COMPILER_APPICON_NAME = AppIcon;
				CODE_SIGN_STYLE = Automatic;
				DEVELOPMENT_TEAM = 5D33D27VC6;
				INFOPLIST_FILE = AbstructFactory/Info.plist;
				LD_RUNPATH_SEARCH_PATHS = "$(inherited) @executable_path/Frameworks";
				PRODUCT_BUNDLE_IDENTIFIER = net.microfeel.AbstructFactory;
				PRODUCT_NAME = "$(TARGET_NAME)";
				TARGETED_DEVICE_FAMILY = "1,2";
			};
			name = Release;
		};
/* End XCBuildConfiguration section */

/* Begin XCConfigurationList section */
		5E4FB903205CCF3E003D0DC0 /* Build configuration list for PBXProject "AbstructFactory" */ = {
			isa = XCConfigurationList;
			buildConfigurations = (
				5E4FB91C205CCF3E003D0DC0 /* Debug */,
				5E4FB91D205CCF3E003D0DC0 /* Release */,
			);
			defaultConfigurationIsVisible = 0;
			defaultConfigurationName = Release;
		};
		5E4FB91E205CCF3E003D0DC0 /* Build configuration list for PBXNativeTarget "AbstructFactory" */ = {
			isa = XCConfigurationList;
			buildConfigurations = (
				5E4FB91F205CCF3E003D0DC0 /* Debug */,
				5E4FB920205CCF3E003D0DC0 /* Release */,
			);
			defaultConfigurationIsVisible = 0;
			defaultConfigurationName = Release;
		};
/* End XCConfigurationList section */
	};
	rootObject = 5E4FB900205CCF3E003D0DC0 /* Project object */;
}
